
Microsoft Visual Studio Solution File, Format Version 12.00
# Visual Studio Version 17
VisualStudioVersion = 17.11.35222.181
MinimumVisualStudioVersion = 10.0.40219.1
Project("{FAE04EC0-301F-11D3-BF4B-00C04F79EFBC}") = "Hara.Domain", "src\core\Hara.Domain\Hara.Domain.csproj", "{07CC22C5-0801-45A2-AB2B-B01C7DA1E8AA}"
EndProject
Project("{FAE04EC0-301F-11D3-BF4B-00C04F79EFBC}") = "Hara.Application", "src\core\Hara.Application\Hara.Application.csproj", "{A41D85C1-6067-40C6-8EFF-E4767C50DFE5}"
EndProject
Project("{FAE04EC0-301F-11D3-BF4B-00C04F79EFBC}") = "Hara.Infrastructure", "src\external\Hara.Infrastructure\Hara.Infrastructure.csproj", "{956D05DF-8C70-4CD3-973B-BC119E53D0AF}"
EndProject
Project("{FAE04EC0-301F-11D3-BF4B-00C04F79EFBC}") = "Hara.Persistence", "src\external\Hara.Persistence\Hara.Persistence.csproj", "{3A1C2B4D-5E6F-4789-9ABC-DEF012345678}"
EndProject
Project("{FAE04EC0-301F-11D3-BF4B-00C04F79EFBC}") = "Hara.Api", "src\ui\Hara.Api\Hara.Api.csproj", "{05B4B3AA-EC05-4539-903E-9728D5D6E149}"
EndProject
Project("{2150E333-8FDC-42A3-9474-1A3956D46DE8}") = "src", "src", "{1F43D288-8716-44FC-8254-52F452E7713C}"
EndProject
Project("{2150E333-8FDC-42A3-9474-1A3956D46DE8}") = "core", "core", "{FDE438E3-3383-40DF-9C23-E95383481A57}"
EndProject
Project("{2150E333-8FDC-42A3-9474-1A3956D46DE8}") = "external", "external", "{4EBAB191-53F1-4132-82EB-A696F1BA7034}"
EndProject
Project("{2150E333-8FDC-42A3-9474-1A3956D46DE8}") = "ui", "ui", "{E63189A0-1E2D-453B-8B27-5D81522B0EB2}"
EndProject
Global
	GlobalSection(SolutionConfigurationPlatforms) = preSolution
		Debug|Any CPU = Debug|Any CPU
		Release|Any CPU = Release|Any CPU
	EndGlobalSection
	GlobalSection(ProjectConfigurationPlatforms) = postSolution
		{07CC22C5-0801-45A2-AB2B-B01C7DA1E8AA}.Debug|Any CPU.ActiveCfg = Debug|Any CPU
		{07CC22C5-0801-45A2-AB2B-B01C7DA1E8AA}.Debug|Any CPU.Build.0 = Debug|Any CPU
		{07CC22C5-0801-45A2-AB2B-B01C7DA1E8AA}.Release|Any CPU.ActiveCfg = Release|Any CPU
		{07CC22C5-0801-45A2-AB2B-B01C7DA1E8AA}.Release|Any CPU.Build.0 = Release|Any CPU
		{A41D85C1-6067-40C6-8EFF-E4767C50DFE5}.Debug|Any CPU.ActiveCfg = Debug|Any CPU
		{A41D85C1-6067-40C6-8EFF-E4767C50DFE5}.Debug|Any CPU.Build.0 = Debug|Any CPU
		{A41D85C1-6067-40C6-8EFF-E4767C50DFE5}.Release|Any CPU.ActiveCfg = Release|Any CPU
		{A41D85C1-6067-40C6-8EFF-E4767C50DFE5}.Release|Any CPU.Build.0 = Release|Any CPU
		{956D05DF-8C70-4CD3-973B-BC119E53D0AF}.Debug|Any CPU.ActiveCfg = Debug|Any CPU
		{956D05DF-8C70-4CD3-973B-BC119E53D0AF}.Debug|Any CPU.Build.0 = Debug|Any CPU
		{956D05DF-8C70-4CD3-973B-BC119E53D0AF}.Release|Any CPU.ActiveCfg = Release|Any CPU
		{956D05DF-8C70-4CD3-973B-BC119E53D0AF}.Release|Any CPU.Build.0 = Release|Any CPU
		{3A1C2B4D-5E6F-4789-9ABC-DEF012345678}.Debug|Any CPU.ActiveCfg = Debug|Any CPU
		{3A1C2B4D-5E6F-4789-9ABC-DEF012345678}.Debug|Any CPU.Build.0 = Debug|Any CPU
		{3A1C2B4D-5E6F-4789-9ABC-DEF012345678}.Release|Any CPU.ActiveCfg = Release|Any CPU
		{3A1C2B4D-5E6F-4789-9ABC-DEF012345678}.Release|Any CPU.Build.0 = Release|Any CPU
		{05B4B3AA-EC05-4539-903E-9728D5D6E149}.Debug|Any CPU.ActiveCfg = Debug|Any CPU
		{05B4B3AA-EC05-4539-903E-9728D5D6E149}.Debug|Any CPU.Build.0 = Debug|Any CPU
		{05B4B3AA-EC05-4539-903E-9728D5D6E149}.Release|Any CPU.ActiveCfg = Release|Any CPU
		{05B4B3AA-EC05-4539-903E-9728D5D6E149}.Release|Any CPU.Build.0 = Release|Any CPU
	EndGlobalSection
	GlobalSection(SolutionProperties) = preSolution
		HideSolutionNode = FALSE
	EndGlobalSection
	GlobalSection(NestedProjects) = preSolution
		{07CC22C5-0801-45A2-AB2B-B01C7DA1E8AA} = {FDE438E3-3383-40DF-9C23-E95383481A57}
		{A41D85C1-6067-40C6-8EFF-E4767C50DFE5} = {FDE438E3-3383-40DF-9C23-E95383481A57}
		{956D05DF-8C70-4CD3-973B-BC119E53D0AF} = {4EBAB191-53F1-4132-82EB-A696F1BA7034}
		{3A1C2B4D-5E6F-4789-9ABC-DEF012345678} = {4EBAB191-53F1-4132-82EB-A696F1BA7034}
		{05B4B3AA-EC05-4539-903E-9728D5D6E149} = {E63189A0-1E2D-453B-8B27-5D81522B0EB2}
		{FDE438E3-3383-40DF-9C23-E95383481A57} = {1F43D288-8716-44FC-8254-52F452E7713C}
		{4EBAB191-53F1-4132-82EB-A696F1BA7034} = {1F43D288-8716-44FC-8254-52F452E7713C}
		{E63189A0-1E2D-453B-8B27-5D81522B0EB2} = {1F43D288-8716-44FC-8254-52F452E7713C}
	EndGlobalSection
EndGlobal
